<?xml version="1.0" encoding="utf-8"?>
<Project ToolsVersion="4.0" xmlns="http://schemas.microsoft.com/developer/msbuild/2003">
  <ItemGroup>
    <Filter Include="Source Files">
      <UniqueIdentifier>{4FC737F1-C7A5-4376-A066-2A32D752A2FF}</UniqueIdentifier>
      <Extensions>cpp;c;cc;cxx;def;odl;idl;hpj;bat;asm;asmx</Extensions>
    </Filter>
    <Filter Include="Header Files">
      <UniqueIdentifier>{93995380-89BD-4b04-88EB-625FBE52EBFB}</UniqueIdentifier>
      <Extensions>h;hh;hpp;hxx;hm;inl;inc;xsd</Extensions>
    </Filter>
    <Filter Include="Resource Files">
      <UniqueIdentifier>{67DA6AB6-F800-4c08-8B7A-83BB121AAD01}</UniqueIdentifier>
      <Extensions>rc;ico;cur;bmp;dlg;rc2;rct;bin;rgs;gif;jpg;jpeg;jpe;resx;tiff;tif;png;wav;mfcribbon-ms</Extensions>
    </Filter>
  </ItemGroup>
  <ItemGroup>
    <None Include="xbee.ino" />
  </ItemGroup>
  <ItemGroup>
    <ClInclude Include="__vm\.xbee.vsarduino.h">
      <Filter>Header Files</Filter>
    </ClInclude>
    <ClInclude Include="XBeeConfig.h">
      <Filter>Header Files</Filter>
    </ClInclude>
    <ClInclude Include="support.h">
      <Filter>Header Files</Filter>
    </ClInclude>
    <ClInclude Include="Button.h">
      <Filter>Header Files</Filter>
    </ClInclude>
    <ClInclude Include="ZHA_Attributes.h">
      <Filter>Header Files</Filter>
    </ClInclude>
    <ClInclude Include="ZHA_Cluster.h">
      <Filter>Header Files</Filter>
    </ClInclude>
    <ClInclude Include="ZHA_DeviceManager.h">
      <Filter>Header Files</Filter>
    </ClInclude>
    <ClInclude Include="ZHA_Devices.h">
      <Filter>Header Files</Filter>
    </ClInclude>
    <ClInclude Include="ZHA_Utils.h">
      <Filter>Header Files</Filter>
    </ClInclude>
    <ClInclude Include="Esp8266.h">
      <Filter>Header Files</Filter>
    </ClInclude>
    <ClInclude Include="LevelControlOutputDevice.h">
      <Filter>Header Files</Filter>
    </ClInclude>
    <ClInclude Include="BasicCluster.h">
      <Filter>Header Files</Filter>
    </ClInclude>
    <ClInclude Include="IdentifyCluster.h">
      <Filter>Header Files</Filter>
    </ClInclude>
    <ClInclude Include="OnOffCluster.h">
      <Filter>Header Files</Filter>
    </ClInclude>
    <ClInclude Include="GroupsCluster.h">
      <Filter>Header Files</Filter>
    </ClInclude>
    <ClInclude Include="ScenesCluster.h">
      <Filter>Header Files</Filter>
    </ClInclude>
    <ClInclude Include="LevelControlCluster.h">
      <Filter>Header Files</Filter>
    </ClInclude>
    <ClInclude Include="Zcl.h">
      <Filter>Header Files</Filter>
    </ClInclude>
    <ClInclude Include="Buffer.h">
      <Filter>Header Files</Filter>
    </ClInclude>
    <ClInclude Include="Display.h">
      <Filter>Header Files</Filter>
    </ClInclude>
  </ItemGroup>
  <ItemGroup>
    <ClCompile Include="XBeeConfig.cpp">
      <Filter>Source Files</Filter>
    </ClCompile>
    <ClCompile Include="ZHA_Attributes.cpp">
      <Filter>Source Files</Filter>
    </ClCompile>
    <ClCompile Include="ZHA_Cluster.cpp">
      <Filter>Source Files</Filter>
    </ClCompile>
    <ClCompile Include="ZHA_DeviceManager.cpp">
      <Filter>Source Files</Filter>
    </ClCompile>
    <ClCompile Include="ZHA_Devices.cpp">
      <Filter>Source Files</Filter>
    </ClCompile>
    <ClCompile Include="LevelControlOutputDevice.cpp">
      <Filter>Source Files</Filter>
    </ClCompile>
    <ClCompile Include="BasicCluster.cpp">
      <Filter>Source Files</Filter>
    </ClCompile>
    <ClCompile Include="IdentifyCluster.cpp">
      <Filter>Source Files</Filter>
    </ClCompile>
    <ClCompile Include="OnOffCluster.cpp">
      <Filter>Source Files</Filter>
    </ClCompile>
    <ClCompile Include="GroupsCluster.cpp">
      <Filter>Source Files</Filter>
    </ClCompile>
    <ClCompile Include="ScenesCluster.cpp">
      <Filter>Source Files</Filter>
    </ClCompile>
    <ClCompile Include="LevelControlCluster.cpp">
      <Filter>Source Files</Filter>
    </ClCompile>
    <ClCompile Include="Display.cpp">
      <Filter>Source Files</Filter>
    </ClCompile>
  </ItemGroup>
</Project>