
Microsoft Visual Studio Solution File, Format Version 12.00
# Visual Studio Version 17
VisualStudioVersion = 17.4.33122.133
MinimumVisualStudioVersion = 10.0.40219.1
Project("{8BC9CEB8-8B4A-11D0-8D11-00A0C91BC942}") = "Lamp", "Lamp\Lamp.vcxproj", "{C5F80730-F44F-4478-BDAE-6634EFC2CA88}"
EndProject
Project("{8BC9CEB8-8B4A-11D0-8D11-00A0C91BC942}") = "ZigBeeHomeAutomation", "ZigBeeHomeAutomation\ZigBeeHomeAutomation.vcxitems", "{0AFE8A92-DCC3-4A87-AD96-ADCAC3684697}"
EndProject
Project("{8BC9CEB8-8B4A-11D0-8D11-00A0C91BC942}") = "Sensors", "Sensors\Sensors.vcxproj", "{C4401942-A693-4607-AD0E-7CDA97525E22}"
EndProject
Project("{8BC9CEB8-8B4A-11D0-8D11-00A0C91BC942}") = "Clock", "Clock\Clock.vcxproj", "{677EA60B-DCEB-4830-A89E-14803D1EFD9D}"
EndProject
Project("{9A19103F-16F7-4668-BE54-9A1E7A4F7556}") = "GenerateClusters", "Tools\GenerateClusters\GenerateClusters.csproj", "{5693971A-8021-4D10-94B3-472F130A76B4}"
EndProject
Project("{8BC9CEB8-8B4A-11D0-8D11-00A0C91BC942}") = "ArrayListTest", "ArrayListTest\ArrayListTest.vcxproj", "{45D1225C-C91A-44E5-B56C-66DB713946CE}"
EndProject
Project("{2150E333-8FDC-42A3-9474-1A3956D46DE8}") = "Solution Items", "Solution Items", "{98D8C6CF-82E8-4849-AF54-5B809A703F59}"
	ProjectSection(SolutionItems) = preProject
		README.md = README.md
	EndProjectSection
EndProject
Project("{8BC9CEB8-8B4A-11D0-8D11-00A0C91BC942}") = "BasicDevice", "BasicDevice\BasicDevice.vcxproj", "{F7047CD8-9532-424E-9EC9-130C702E557D}"
EndProject
Project("{8BC9CEB8-8B4A-11D0-8D11-00A0C91BC942}") = "AmplifierRemote", "AmplifierRemote\AmplifierRemote.vcxproj", "{06A219D9-CAE2-41FE-9734-98071E514C32}"
EndProject
Project("{8BC9CEB8-8B4A-11D0-8D11-00A0C91BC942}") = "TableLamp", "TableLamp\TableLamp.vcxproj", "{5A286A13-95B3-487F-ACB3-96364509B281}"
EndProject
Project("{8BC9CEB8-8B4A-11D0-8D11-00A0C91BC942}") = "LightControlTest", "LightControlTest\LightControlTest.vcxproj", "{963D1CD0-B182-4859-8ECD-6AD3B7F24827}"
EndProject
Project("{8BC9CEB8-8B4A-11D0-8D11-00A0C91BC942}") = "CurrentMeter", "CurrentMeter\CurrentMeter.vcxproj", "{81ECA0F5-0B88-4778-875D-F9B7737EB815}"
EndProject
Project("{8BC9CEB8-8B4A-11D0-8D11-00A0C91BC942}") = "Bounce2-2.71", "..\libraries\Bounce2\Bounce2-2.71.vcxitems", "{CF1C60EE-DDCF-4CAE-99FF-D9A0A648F2FA}"
EndProject
Project("{8BC9CEB8-8B4A-11D0-8D11-00A0C91BC942}") = "Wire-1.0", "..\..\..\Users\pvgin\AppData\Local\Arduino15\packages\arduino\hardware\megaavr\1.8.8\libraries\Wire\Wire-1.0.vcxitems", "{CC6D01A5-D88E-434F-876B-0C875266E5CF}"
EndProject
Project("{8BC9CEB8-8B4A-11D0-8D11-00A0C91BC942}") = "U8g2-2.33.15", "..\libraries\U8g2\U8g2-2.33.15.vcxitems", "{A77BF23E-237A-43BC-9109-293AAA94A685}"
EndProject
Global
	GlobalSection(SolutionConfigurationPlatforms) = preSolution
		Debug|Any CPU = Debug|Any CPU
		Debug|x64 = Debug|x64
		Debug|x86 = Debug|x86
		Release|Any CPU = Release|Any CPU
		Release|x64 = Release|x64
		Release|x86 = Release|x86
	EndGlobalSection
	GlobalSection(ProjectConfigurationPlatforms) = postSolution
		{C5F80730-F44F-4478-BDAE-6634EFC2CA88}.Debug|Any CPU.ActiveCfg = Debug|Win32
		{C5F80730-F44F-4478-BDAE-6634EFC2CA88}.Debug|Any CPU.Build.0 = Debug|Win32
		{C5F80730-F44F-4478-BDAE-6634EFC2CA88}.Debug|x64.ActiveCfg = Debug|Win32
		{C5F80730-F44F-4478-BDAE-6634EFC2CA88}.Debug|x64.Build.0 = Debug|Win32
		{C5F80730-F44F-4478-BDAE-6634EFC2CA88}.Debug|x86.ActiveCfg = Debug|Win32
		{C5F80730-F44F-4478-BDAE-6634EFC2CA88}.Debug|x86.Build.0 = Debug|Win32
		{C5F80730-F44F-4478-BDAE-6634EFC2CA88}.Release|Any CPU.ActiveCfg = Release|Win32
		{C5F80730-F44F-4478-BDAE-6634EFC2CA88}.Release|Any CPU.Build.0 = Release|Win32
		{C5F80730-F44F-4478-BDAE-6634EFC2CA88}.Release|x64.ActiveCfg = Release|Win32
		{C5F80730-F44F-4478-BDAE-6634EFC2CA88}.Release|x64.Build.0 = Release|Win32
		{C5F80730-F44F-4478-BDAE-6634EFC2CA88}.Release|x86.ActiveCfg = Release|Win32
		{C5F80730-F44F-4478-BDAE-6634EFC2CA88}.Release|x86.Build.0 = Release|Win32
		{C4401942-A693-4607-AD0E-7CDA97525E22}.Debug|Any CPU.ActiveCfg = Debug|Win32
		{C4401942-A693-4607-AD0E-7CDA97525E22}.Debug|Any CPU.Build.0 = Debug|Win32
		{C4401942-A693-4607-AD0E-7CDA97525E22}.Debug|x64.ActiveCfg = Debug|Win32
		{C4401942-A693-4607-AD0E-7CDA97525E22}.Debug|x64.Build.0 = Debug|Win32
		{C4401942-A693-4607-AD0E-7CDA97525E22}.Debug|x86.ActiveCfg = Debug|Win32
		{C4401942-A693-4607-AD0E-7CDA97525E22}.Debug|x86.Build.0 = Debug|Win32
		{C4401942-A693-4607-AD0E-7CDA97525E22}.Release|Any CPU.ActiveCfg = Release|Win32
		{C4401942-A693-4607-AD0E-7CDA97525E22}.Release|Any CPU.Build.0 = Release|Win32
		{C4401942-A693-4607-AD0E-7CDA97525E22}.Release|x64.ActiveCfg = Release|Win32
		{C4401942-A693-4607-AD0E-7CDA97525E22}.Release|x64.Build.0 = Release|Win32
		{C4401942-A693-4607-AD0E-7CDA97525E22}.Release|x86.ActiveCfg = Release|Win32
		{C4401942-A693-4607-AD0E-7CDA97525E22}.Release|x86.Build.0 = Release|Win32
		{677EA60B-DCEB-4830-A89E-14803D1EFD9D}.Debug|Any CPU.ActiveCfg = Debug|Win32
		{677EA60B-DCEB-4830-A89E-14803D1EFD9D}.Debug|Any CPU.Build.0 = Debug|Win32
		{677EA60B-DCEB-4830-A89E-14803D1EFD9D}.Debug|x64.ActiveCfg = Debug|Win32
		{677EA60B-DCEB-4830-A89E-14803D1EFD9D}.Debug|x64.Build.0 = Debug|Win32
		{677EA60B-DCEB-4830-A89E-14803D1EFD9D}.Debug|x86.ActiveCfg = Debug|Win32
		{677EA60B-DCEB-4830-A89E-14803D1EFD9D}.Debug|x86.Build.0 = Debug|Win32
		{677EA60B-DCEB-4830-A89E-14803D1EFD9D}.Release|Any CPU.ActiveCfg = Release|Win32
		{677EA60B-DCEB-4830-A89E-14803D1EFD9D}.Release|Any CPU.Build.0 = Release|Win32
		{677EA60B-DCEB-4830-A89E-14803D1EFD9D}.Release|x64.ActiveCfg = Release|Win32
		{677EA60B-DCEB-4830-A89E-14803D1EFD9D}.Release|x64.Build.0 = Release|Win32
		{677EA60B-DCEB-4830-A89E-14803D1EFD9D}.Release|x86.ActiveCfg = Release|Win32
		{677EA60B-DCEB-4830-A89E-14803D1EFD9D}.Release|x86.Build.0 = Release|Win32
		{5693971A-8021-4D10-94B3-472F130A76B4}.Debug|Any CPU.ActiveCfg = Debug|Any CPU
		{5693971A-8021-4D10-94B3-472F130A76B4}.Debug|Any CPU.Build.0 = Debug|Any CPU
		{5693971A-8021-4D10-94B3-472F130A76B4}.Debug|x64.ActiveCfg = Debug|Any CPU
		{5693971A-8021-4D10-94B3-472F130A76B4}.Debug|x64.Build.0 = Debug|Any CPU
		{5693971A-8021-4D10-94B3-472F130A76B4}.Debug|x86.ActiveCfg = Debug|Any CPU
		{5693971A-8021-4D10-94B3-472F130A76B4}.Debug|x86.Build.0 = Debug|Any CPU
		{5693971A-8021-4D10-94B3-472F130A76B4}.Release|Any CPU.ActiveCfg = Release|Any CPU
		{5693971A-8021-4D10-94B3-472F130A76B4}.Release|Any CPU.Build.0 = Release|Any CPU
		{5693971A-8021-4D10-94B3-472F130A76B4}.Release|x64.ActiveCfg = Release|Any CPU
		{5693971A-8021-4D10-94B3-472F130A76B4}.Release|x64.Build.0 = Release|Any CPU
		{5693971A-8021-4D10-94B3-472F130A76B4}.Release|x86.ActiveCfg = Release|Any CPU
		{5693971A-8021-4D10-94B3-472F130A76B4}.Release|x86.Build.0 = Release|Any CPU
		{45D1225C-C91A-44E5-B56C-66DB713946CE}.Debug|Any CPU.ActiveCfg = Debug|x64
		{45D1225C-C91A-44E5-B56C-66DB713946CE}.Debug|Any CPU.Build.0 = Debug|x64
		{45D1225C-C91A-44E5-B56C-66DB713946CE}.Debug|x64.ActiveCfg = Debug|x64
		{45D1225C-C91A-44E5-B56C-66DB713946CE}.Debug|x64.Build.0 = Debug|x64
		{45D1225C-C91A-44E5-B56C-66DB713946CE}.Debug|x86.ActiveCfg = Debug|Win32
		{45D1225C-C91A-44E5-B56C-66DB713946CE}.Debug|x86.Build.0 = Debug|Win32
		{45D1225C-C91A-44E5-B56C-66DB713946CE}.Release|Any CPU.ActiveCfg = Release|x64
		{45D1225C-C91A-44E5-B56C-66DB713946CE}.Release|Any CPU.Build.0 = Release|x64
		{45D1225C-C91A-44E5-B56C-66DB713946CE}.Release|x64.ActiveCfg = Release|x64
		{45D1225C-C91A-44E5-B56C-66DB713946CE}.Release|x64.Build.0 = Release|x64
		{45D1225C-C91A-44E5-B56C-66DB713946CE}.Release|x86.ActiveCfg = Release|Win32
		{45D1225C-C91A-44E5-B56C-66DB713946CE}.Release|x86.Build.0 = Release|Win32
		{F7047CD8-9532-424E-9EC9-130C702E557D}.Debug|Any CPU.ActiveCfg = Debug|Win32
		{F7047CD8-9532-424E-9EC9-130C702E557D}.Debug|Any CPU.Build.0 = Debug|Win32
		{F7047CD8-9532-424E-9EC9-130C702E557D}.Debug|x64.ActiveCfg = Debug|Win32
		{F7047CD8-9532-424E-9EC9-130C702E557D}.Debug|x64.Build.0 = Debug|Win32
		{F7047CD8-9532-424E-9EC9-130C702E557D}.Debug|x86.ActiveCfg = Debug|Win32
		{F7047CD8-9532-424E-9EC9-130C702E557D}.Debug|x86.Build.0 = Debug|Win32
		{F7047CD8-9532-424E-9EC9-130C702E557D}.Release|Any CPU.ActiveCfg = Release|Win32
		{F7047CD8-9532-424E-9EC9-130C702E557D}.Release|Any CPU.Build.0 = Release|Win32
		{F7047CD8-9532-424E-9EC9-130C702E557D}.Release|x64.ActiveCfg = Release|Win32
		{F7047CD8-9532-424E-9EC9-130C702E557D}.Release|x64.Build.0 = Release|Win32
		{F7047CD8-9532-424E-9EC9-130C702E557D}.Release|x86.ActiveCfg = Release|Win32
		{F7047CD8-9532-424E-9EC9-130C702E557D}.Release|x86.Build.0 = Release|Win32
		{06A219D9-CAE2-41FE-9734-98071E514C32}.Debug|Any CPU.ActiveCfg = Debug|Win32
		{06A219D9-CAE2-41FE-9734-98071E514C32}.Debug|Any CPU.Build.0 = Debug|Win32
		{06A219D9-CAE2-41FE-9734-98071E514C32}.Debug|x64.ActiveCfg = Debug|Win32
		{06A219D9-CAE2-41FE-9734-98071E514C32}.Debug|x64.Build.0 = Debug|Win32
		{06A219D9-CAE2-41FE-9734-98071E514C32}.Debug|x86.ActiveCfg = Debug|Win32
		{06A219D9-CAE2-41FE-9734-98071E514C32}.Debug|x86.Build.0 = Debug|Win32
		{06A219D9-CAE2-41FE-9734-98071E514C32}.Release|Any CPU.ActiveCfg = Release|Win32
		{06A219D9-CAE2-41FE-9734-98071E514C32}.Release|Any CPU.Build.0 = Release|Win32
		{06A219D9-CAE2-41FE-9734-98071E514C32}.Release|x64.ActiveCfg = Release|Win32
		{06A219D9-CAE2-41FE-9734-98071E514C32}.Release|x64.Build.0 = Release|Win32
		{06A219D9-CAE2-41FE-9734-98071E514C32}.Release|x86.ActiveCfg = Release|Win32
		{06A219D9-CAE2-41FE-9734-98071E514C32}.Release|x86.Build.0 = Release|Win32
		{5A286A13-95B3-487F-ACB3-96364509B281}.Debug|Any CPU.ActiveCfg = Debug|Win32
		{5A286A13-95B3-487F-ACB3-96364509B281}.Debug|Any CPU.Build.0 = Debug|Win32
		{5A286A13-95B3-487F-ACB3-96364509B281}.Debug|x64.ActiveCfg = Debug|Win32
		{5A286A13-95B3-487F-ACB3-96364509B281}.Debug|x64.Build.0 = Debug|Win32
		{5A286A13-95B3-487F-ACB3-96364509B281}.Debug|x86.ActiveCfg = Debug|Win32
		{5A286A13-95B3-487F-ACB3-96364509B281}.Debug|x86.Build.0 = Debug|Win32
		{5A286A13-95B3-487F-ACB3-96364509B281}.Release|Any CPU.ActiveCfg = Release|Win32
		{5A286A13-95B3-487F-ACB3-96364509B281}.Release|Any CPU.Build.0 = Release|Win32
		{5A286A13-95B3-487F-ACB3-96364509B281}.Release|x64.ActiveCfg = Release|Win32
		{5A286A13-95B3-487F-ACB3-96364509B281}.Release|x64.Build.0 = Release|Win32
		{5A286A13-95B3-487F-ACB3-96364509B281}.Release|x86.ActiveCfg = Release|Win32
		{5A286A13-95B3-487F-ACB3-96364509B281}.Release|x86.Build.0 = Release|Win32
		{963D1CD0-B182-4859-8ECD-6AD3B7F24827}.Debug|Any CPU.ActiveCfg = Debug|x64
		{963D1CD0-B182-4859-8ECD-6AD3B7F24827}.Debug|Any CPU.Build.0 = Debug|x64
		{963D1CD0-B182-4859-8ECD-6AD3B7F24827}.Debug|x64.ActiveCfg = Debug|x64
		{963D1CD0-B182-4859-8ECD-6AD3B7F24827}.Debug|x64.Build.0 = Debug|x64
		{963D1CD0-B182-4859-8ECD-6AD3B7F24827}.Debug|x86.ActiveCfg = Debug|Win32
		{963D1CD0-B182-4859-8ECD-6AD3B7F24827}.Debug|x86.Build.0 = Debug|Win32
		{963D1CD0-B182-4859-8ECD-6AD3B7F24827}.Release|Any CPU.ActiveCfg = Release|x64
		{963D1CD0-B182-4859-8ECD-6AD3B7F24827}.Release|Any CPU.Build.0 = Release|x64
		{963D1CD0-B182-4859-8ECD-6AD3B7F24827}.Release|x64.ActiveCfg = Release|x64
		{963D1CD0-B182-4859-8ECD-6AD3B7F24827}.Release|x64.Build.0 = Release|x64
		{963D1CD0-B182-4859-8ECD-6AD3B7F24827}.Release|x86.ActiveCfg = Release|Win32
		{963D1CD0-B182-4859-8ECD-6AD3B7F24827}.Release|x86.Build.0 = Release|Win32
		{81ECA0F5-0B88-4778-875D-F9B7737EB815}.Debug|Any CPU.ActiveCfg = Debug|Win32
		{81ECA0F5-0B88-4778-875D-F9B7737EB815}.Debug|Any CPU.Build.0 = Debug|Win32
		{81ECA0F5-0B88-4778-875D-F9B7737EB815}.Debug|x64.ActiveCfg = Debug|Win32
		{81ECA0F5-0B88-4778-875D-F9B7737EB815}.Debug|x64.Build.0 = Debug|Win32
		{81ECA0F5-0B88-4778-875D-F9B7737EB815}.Debug|x86.ActiveCfg = Debug|Win32
		{81ECA0F5-0B88-4778-875D-F9B7737EB815}.Debug|x86.Build.0 = Debug|Win32
		{81ECA0F5-0B88-4778-875D-F9B7737EB815}.Release|Any CPU.ActiveCfg = Release|Win32
		{81ECA0F5-0B88-4778-875D-F9B7737EB815}.Release|Any CPU.Build.0 = Release|Win32
		{81ECA0F5-0B88-4778-875D-F9B7737EB815}.Release|x64.ActiveCfg = Release|Win32
		{81ECA0F5-0B88-4778-875D-F9B7737EB815}.Release|x64.Build.0 = Release|Win32
		{81ECA0F5-0B88-4778-875D-F9B7737EB815}.Release|x86.ActiveCfg = Release|Win32
		{81ECA0F5-0B88-4778-875D-F9B7737EB815}.Release|x86.Build.0 = Release|Win32
	EndGlobalSection
	GlobalSection(SolutionProperties) = preSolution
		HideSolutionNode = FALSE
	EndGlobalSection
	GlobalSection(ExtensibilityGlobals) = postSolution
		SolutionGuid = {54F7BF8A-707B-491B-81BF-BE5D83194544}
	EndGlobalSection
	GlobalSection(SharedMSBuildProjectFiles) = preSolution
		ZigBeeHomeAutomation\ZigBeeHomeAutomation.vcxitems*{06a219d9-cae2-41fe-9734-98071e514c32}*SharedItemsImports = 4
		ZigBeeHomeAutomation\ZigBeeHomeAutomation.vcxitems*{0afe8a92-dcc3-4a87-ad96-adcac3684697}*SharedItemsImports = 9
		ZigBeeHomeAutomation\ZigBeeHomeAutomation.vcxitems*{5a286a13-95b3-487f-acb3-96364509b281}*SharedItemsImports = 4
		ZigBeeHomeAutomation\ZigBeeHomeAutomation.vcxitems*{677ea60b-dceb-4830-a89e-14803d1efd9d}*SharedItemsImports = 4
		..\libraries\Bounce2\Bounce2-2.71.vcxitems*{81eca0f5-0b88-4778-875d-f9b7737eb815}*SharedItemsImports = 4
		..\libraries\U8g2\U8g2-2.33.15.vcxitems*{81eca0f5-0b88-4778-875d-f9b7737eb815}*SharedItemsImports = 4
		ZigBeeHomeAutomation\ZigBeeHomeAutomation.vcxitems*{81eca0f5-0b88-4778-875d-f9b7737eb815}*SharedItemsImports = 4
		..\..\..\Users\pvgin\AppData\Local\Arduino15\packages\arduino\hardware\megaavr\1.8.8\libraries\Wire\Wire-1.0.vcxitems*{81eca0f5-0b88-4778-875d-f9b7737eb815}*SharedItemsImports = 4
		..\libraries\U8g2\U8g2-2.33.15.vcxitems*{a77bf23e-237a-43bc-9109-293aaa94a685}*SharedItemsImports = 9
		ZigBeeHomeAutomation\ZigBeeHomeAutomation.vcxitems*{c4401942-a693-4607-ad0e-7cda97525e22}*SharedItemsImports = 4
		ZigBeeHomeAutomation\ZigBeeHomeAutomation.vcxitems*{c5f80730-f44f-4478-bdae-6634efc2ca88}*SharedItemsImports = 4
		..\..\..\Users\pvgin\AppData\Local\Arduino15\packages\arduino\hardware\megaavr\1.8.8\libraries\Wire\Wire-1.0.vcxitems*{cc6d01a5-d88e-434f-876b-0c875266e5cf}*SharedItemsImports = 9
		..\libraries\Bounce2\Bounce2-2.71.vcxitems*{cf1c60ee-ddcf-4cae-99ff-d9a0a648f2fa}*SharedItemsImports = 9
	EndGlobalSection
EndGlobal
