
Microsoft Visual Studio Solution File, Format Version 12.00
# Visual Studio Version 17
VisualStudioVersion = 17.3.32929.385
MinimumVisualStudioVersion = 10.0.40219.1
Project("{9A19103F-16F7-4668-BE54-9A1E7A4F7556}") = "GenerateClusters", "GenerateClusters\GenerateClusters.csproj", "{5D38D68D-5009-4DCA-B931-1FA4CC801B63}"
EndProject
Project("{FAE04EC0-301F-11D3-BF4B-00C04F79EFBC}") = "GenerateClusters.Test", "GenerateClusters.Test\GenerateClusters.Test.csproj", "{FA8C5D65-854A-4659-A697-E58D0D19FF2F}"
EndProject
Global
	GlobalSection(SolutionConfigurationPlatforms) = preSolution
		Debug|Any CPU = Debug|Any CPU
		Release|Any CPU = Release|Any CPU
	EndGlobalSection
	GlobalSection(ProjectConfigurationPlatforms) = postSolution
		{5D38D68D-5009-4DCA-B931-1FA4CC801B63}.Debug|Any CPU.ActiveCfg = Debug|Any CPU
		{5D38D68D-5009-4DCA-B931-1FA4CC801B63}.Debug|Any CPU.Build.0 = Debug|Any CPU
		{5D38D68D-5009-4DCA-B931-1FA4CC801B63}.Release|Any CPU.ActiveCfg = Release|Any CPU
		{5D38D68D-5009-4DCA-B931-1FA4CC801B63}.Release|Any CPU.Build.0 = Release|Any CPU
		{FA8C5D65-854A-4659-A697-E58D0D19FF2F}.Debug|Any CPU.ActiveCfg = Debug|Any CPU
		{FA8C5D65-854A-4659-A697-E58D0D19FF2F}.Debug|Any CPU.Build.0 = Debug|Any CPU
		{FA8C5D65-854A-4659-A697-E58D0D19FF2F}.Release|Any CPU.ActiveCfg = Release|Any CPU
		{FA8C5D65-854A-4659-A697-E58D0D19FF2F}.Release|Any CPU.Build.0 = Release|Any CPU
	EndGlobalSection
	GlobalSection(SolutionProperties) = preSolution
		HideSolutionNode = FALSE
	EndGlobalSection
	GlobalSection(ExtensibilityGlobals) = postSolution
		SolutionGuid = {60FAA927-6C14-4398-88EB-3868D78831D5}
	EndGlobalSection
EndGlobal
